
Microsoft Visual Studio Solution File, Format Version 12.00
# Visual Studio 15
VisualStudioVersion = 15.0.27130.2010
MinimumVisualStudioVersion = 10.0.40219.1
Project("{FAE04EC0-301F-11D3-BF4B-00C04F79EFBC}") = "WebApi", "WebApi\WebApi.csproj", "{75A649E9-0E24-4317-9DE7-4DFB9FC0606C}"
EndProject
Project("{FAE04EC0-301F-11D3-BF4B-00C04F79EFBC}") = "DataModel", "DataModel\DataModel.csproj", "{F51F58CC-CC3C-436A-811D-7ECE7771B4A2}"
EndProject
Project("{FAE04EC0-301F-11D3-BF4B-00C04F79EFBC}") = "BusinessEntities", "BusinessEntities\BusinessEntities.csproj", "{D7F90891-AC64-4465-A2C4-C0E2FC3FEEEA}"
EndProject
Project("{FAE04EC0-301F-11D3-BF4B-00C04F79EFBC}") = "BusinessServices", "BusinessServices\BusinessServices.csproj", "{1BEE56DC-B041-4641-8AD5-BCEE74BA7A4A}"
EndProject
Global
	GlobalSection(SolutionConfigurationPlatforms) = preSolution
		Debug|Any CPU = Debug|Any CPU
		Release|Any CPU = Release|Any CPU
	EndGlobalSection
	GlobalSection(ProjectConfigurationPlatforms) = postSolution
		{75A649E9-0E24-4317-9DE7-4DFB9FC0606C}.Debug|Any CPU.ActiveCfg = Debug|Any CPU
		{75A649E9-0E24-4317-9DE7-4DFB9FC0606C}.Debug|Any CPU.Build.0 = Debug|Any CPU
		{75A649E9-0E24-4317-9DE7-4DFB9FC0606C}.Release|Any CPU.ActiveCfg = Release|Any CPU
		{75A649E9-0E24-4317-9DE7-4DFB9FC0606C}.Release|Any CPU.Build.0 = Release|Any CPU
		{F51F58CC-CC3C-436A-811D-7ECE7771B4A2}.Debug|Any CPU.ActiveCfg = Debug|Any CPU
		{F51F58CC-CC3C-436A-811D-7ECE7771B4A2}.Debug|Any CPU.Build.0 = Debug|Any CPU
		{F51F58CC-CC3C-436A-811D-7ECE7771B4A2}.Release|Any CPU.ActiveCfg = Release|Any CPU
		{F51F58CC-CC3C-436A-811D-7ECE7771B4A2}.Release|Any CPU.Build.0 = Release|Any CPU
		{D7F90891-AC64-4465-A2C4-C0E2FC3FEEEA}.Debug|Any CPU.ActiveCfg = Debug|Any CPU
		{D7F90891-AC64-4465-A2C4-C0E2FC3FEEEA}.Debug|Any CPU.Build.0 = Debug|Any CPU
		{D7F90891-AC64-4465-A2C4-C0E2FC3FEEEA}.Release|Any CPU.ActiveCfg = Release|Any CPU
		{D7F90891-AC64-4465-A2C4-C0E2FC3FEEEA}.Release|Any CPU.Build.0 = Release|Any CPU
		{1BEE56DC-B041-4641-8AD5-BCEE74BA7A4A}.Debug|Any CPU.ActiveCfg = Debug|Any CPU
		{1BEE56DC-B041-4641-8AD5-BCEE74BA7A4A}.Debug|Any CPU.Build.0 = Debug|Any CPU
		{1BEE56DC-B041-4641-8AD5-BCEE74BA7A4A}.Release|Any CPU.ActiveCfg = Release|Any CPU
		{1BEE56DC-B041-4641-8AD5-BCEE74BA7A4A}.Release|Any CPU.Build.0 = Release|Any CPU
	EndGlobalSection
	GlobalSection(SolutionProperties) = preSolution
		HideSolutionNode = FALSE
	EndGlobalSection
	GlobalSection(ExtensibilityGlobals) = postSolution
		SolutionGuid = {A70022D3-ABCE-472C-9408-F0EB4937F0FD}
	EndGlobalSection
EndGlobal
